
Microsoft Visual Studio Solution File, Format Version 12.00
# Visual Studio Version 17
VisualStudioVersion = 17.7.34221.43
MinimumVisualStudioVersion = 10.0.40219.1
Project("{8BC9CEB8-8B4A-11D0-8D11-00A0C91BC942}") = "AdventOfCode2024", "AdventOfCode2024.vcxproj", "{82A1A88F-9692-440F-ABE1-726127BD3C07}"
EndProject
Global
	GlobalSection(SolutionConfigurationPlatforms) = preSolution
		Debug|x64 = Debug|x64
		Debug|x86 = Debug|x86
		Release|x64 = Release|x64
		Release|x86 = Release|x86
	EndGlobalSection
	GlobalSection(ProjectConfigurationPlatforms) = postSolution
		{82A1A88F-9692-440F-ABE1-726127BD3C07}.Debug|x64.ActiveCfg = Debug|x64
		{82A1A88F-9692-440F-ABE1-726127BD3C07}.Debug|x64.Build.0 = Debug|x64
		{82A1A88F-9692-440F-ABE1-726127BD3C07}.Debug|x86.ActiveCfg = Debug|Win32
		{82A1A88F-9692-440F-ABE1-726127BD3C07}.Debug|x86.Build.0 = Debug|Win32
		{82A1A88F-9692-440F-ABE1-726127BD3C07}.Release|x64.ActiveCfg = Release|x64
		{82A1A88F-9692-440F-ABE1-726127BD3C07}.Release|x64.Build.0 = Release|x64
		{82A1A88F-9692-440F-ABE1-726127BD3C07}.Release|x86.ActiveCfg = Release|Win32
		{82A1A88F-9692-440F-ABE1-726127BD3C07}.Release|x86.Build.0 = Release|Win32
	EndGlobalSection
	GlobalSection(SolutionProperties) = preSolution
		HideSolutionNode = FALSE
	EndGlobalSection
	GlobalSection(ExtensibilityGlobals) = postSolution
		SolutionGuid = {245785E4-3448-4EC9-A6EA-999E53A1BEAE}
	EndGlobalSection
EndGlobal
